// !$*UTF8*$!
{
	archiveVersion = 1;
	classes = {
	};
	objectVersion = 46;
	objects = {

/* Begin PBXBuildFile section */
		0C06AE1B18DDB98E009E5987 /* MapKit.framework in Frameworks */ = {isa = PBXBuildFile; fileRef = 0C06AE1A18DDB98E009E5987 /* MapKit.framework */; };
		0C06AE2118DDBD30009E5987 /* LPAnnotation.m in Sources */ = {isa = PBXBuildFile; fileRef = 0C06AE1E18DDBD30009E5987 /* LPAnnotation.m */; };
		0C06AE2218DDBD30009E5987 /* LPAnnotationView.m in Sources */ = {isa = PBXBuildFile; fileRef = 0C06AE2018DDBD30009E5987 /* LPAnnotationView.m */; };
		0C794C0718BFA48F00C88FD4 /* Foundation.framework in Frameworks */ = {isa = PBXBuildFile; fileRef = 0C794C0618BFA48F00C88FD4 /* Foundation.framework */; };
		0C794C0918BFA48F00C88FD4 /* CoreGraphics.framework in Frameworks */ = {isa = PBXBuildFile; fileRef = 0C794C0818BFA48F00C88FD4 /* CoreGraphics.framework */; };
		0C794C0B18BFA48F00C88FD4 /* UIKit.framework in Frameworks */ = {isa = PBXBuildFile; fileRef = 0C794C0A18BFA48F00C88FD4 /* UIKit.framework */; };
		0C794C1118BFA48F00C88FD4 /* InfoPlist.strings in Resources */ = {isa = PBXBuildFile; fileRef = 0C794C0F18BFA48F00C88FD4 /* InfoPlist.strings */; };
		0C794C1318BFA48F00C88FD4 /* main.m in Sources */ = {isa = PBXBuildFile; fileRef = 0C794C1218BFA48F00C88FD4 /* main.m */; };
		0C794C1718BFA48F00C88FD4 /* LPAppDelegate.m in Sources */ = {isa = PBXBuildFile; fileRef = 0C794C1618BFA48F00C88FD4 /* LPAppDelegate.m */; };
		0C794C1918BFA48F00C88FD4 /* Images.xcassets in Resources */ = {isa = PBXBuildFile; fileRef = 0C794C1818BFA48F00C88FD4 /* Images.xcassets */; };
		0C794C2018BFA48F00C88FD4 /* XCTest.framework in Frameworks */ = {isa = PBXBuildFile; fileRef = 0C794C1F18BFA48F00C88FD4 /* XCTest.framework */; };
		0C794C2118BFA48F00C88FD4 /* Foundation.framework in Frameworks */ = {isa = PBXBuildFile; fileRef = 0C794C0618BFA48F00C88FD4 /* Foundation.framework */; };
		0C794C2218BFA48F00C88FD4 /* UIKit.framework in Frameworks */ = {isa = PBXBuildFile; fileRef = 0C794C0A18BFA48F00C88FD4 /* UIKit.framework */; };
		0C794C3818BFA4D000C88FD4 /* LPMainViewController.m in Sources */ = {isa = PBXBuildFile; fileRef = 0C794C3618BFA4D000C88FD4 /* LPMainViewController.m */; };
		0C794C3918BFA4D000C88FD4 /* LPMainViewController.xib in Resources */ = {isa = PBXBuildFile; fileRef = 0C794C3718BFA4D000C88FD4 /* LPMainViewController.xib */; };
		0C794D3318BFA7E300C88FD4 /* AFHTTPClient.m in Sources */ = {isa = PBXBuildFile; fileRef = 0C794D2118BFA7E300C88FD4 /* AFHTTPClient.m */; };
		0C794D3418BFA7E300C88FD4 /* AFHTTPRequestOperation.m in Sources */ = {isa = PBXBuildFile; fileRef = 0C794D2318BFA7E300C88FD4 /* AFHTTPRequestOperation.m */; };
		0C794D3518BFA7E300C88FD4 /* AFImageRequestOperation.m in Sources */ = {isa = PBXBuildFile; fileRef = 0C794D2518BFA7E300C88FD4 /* AFImageRequestOperation.m */; };
		0C794D3618BFA7E300C88FD4 /* AFJSONRequestOperation.m in Sources */ = {isa = PBXBuildFile; fileRef = 0C794D2718BFA7E300C88FD4 /* AFJSONRequestOperation.m */; };
		0C794D3718BFA7E300C88FD4 /* AFNetworkActivityIndicatorManager.m in Sources */ = {isa = PBXBuildFile; fileRef = 0C794D2918BFA7E300C88FD4 /* AFNetworkActivityIndicatorManager.m */; };
		0C794D3818BFA7E300C88FD4 /* AFPropertyListRequestOperation.m in Sources */ = {isa = PBXBuildFile; fileRef = 0C794D2C18BFA7E300C88FD4 /* AFPropertyListRequestOperation.m */; };
		0C794D3918BFA7E300C88FD4 /* AFURLConnectionOperation.m in Sources */ = {isa = PBXBuildFile; fileRef = 0C794D2E18BFA7E300C88FD4 /* AFURLConnectionOperation.m */; };
		0C794D3A18BFA7E300C88FD4 /* AFXMLRequestOperation.m in Sources */ = {isa = PBXBuildFile; fileRef = 0C794D3018BFA7E300C88FD4 /* AFXMLRequestOperation.m */; };
		0C794D3B18BFA7E300C88FD4 /* UIImageView+AFNetworking.m in Sources */ = {isa = PBXBuildFile; fileRef = 0C794D3218BFA7E300C88FD4 /* UIImageView+AFNetworking.m */; };
		0C794D3D18BFA80B00C88FD4 /* SystemConfiguration.framework in Frameworks */ = {isa = PBXBuildFile; fileRef = 0C794D3C18BFA80B00C88FD4 /* SystemConfiguration.framework */; };
		0C794D4818BFA83F00C88FD4 /* LPBicikeljArrondissement.m in Sources */ = {isa = PBXBuildFile; fileRef = 0C794D4118BFA83F00C88FD4 /* LPBicikeljArrondissement.m */; };
		0C794D4918BFA83F00C88FD4 /* LPBicikeljStationDetails.m in Sources */ = {isa = PBXBuildFile; fileRef = 0C794D4318BFA83F00C88FD4 /* LPBicikeljStationDetails.m */; };
		0C794D4A18BFA83F00C88FD4 /* LPBicikeljStationMarker.m in Sources */ = {isa = PBXBuildFile; fileRef = 0C794D4518BFA83F00C88FD4 /* LPBicikeljStationMarker.m */; };
		0C794D4B18BFA83F00C88FD4 /* LPBicikeljStationsFunctions.m in Sources */ = {isa = PBXBuildFile; fileRef = 0C794D4718BFA83F00C88FD4 /* LPBicikeljStationsFunctions.m */; };
/* End PBXBuildFile section */

/* Begin PBXContainerItemProxy section */
		0C794C2318BFA48F00C88FD4 /* PBXContainerItemProxy */ = {
			isa = PBXContainerItemProxy;
			containerPortal = 0C794BFB18BFA48F00C88FD4 /* Project object */;
			proxyType = 1;
			remoteGlobalIDString = 0C794C0218BFA48F00C88FD4;
			remoteInfo = LPBicikeLJExample;
		};
/* End PBXContainerItemProxy section */

/* Begin PBXFileReference section */
		0C06AE1A18DDB98E009E5987 /* MapKit.framework */ = {isa = PBXFileReference; lastKnownFileType = wrapper.framework; name = MapKit.framework; path = System/Library/Frameworks/MapKit.framework; sourceTree = SDKROOT; };
		0C06AE1D18DDBD30009E5987 /* LPAnnotation.h */ = {isa = PBXFileReference; fileEncoding = 4; lastKnownFileType = sourcecode.c.h; path = LPAnnotation.h; sourceTree = "<group>"; };
		0C06AE1E18DDBD30009E5987 /* LPAnnotation.m */ = {isa = PBXFileReference; fileEncoding = 4; lastKnownFileType = sourcecode.c.objc; path = LPAnnotation.m; sourceTree = "<group>"; };
		0C06AE1F18DDBD30009E5987 /* LPAnnotationView.h */ = {isa = PBXFileReference; fileEncoding = 4; lastKnownFileType = sourcecode.c.h; path = LPAnnotationView.h; sourceTree = "<group>"; };
		0C06AE2018DDBD30009E5987 /* LPAnnotationView.m */ = {isa = PBXFileReference; fileEncoding = 4; lastKnownFileType = sourcecode.c.objc; path = LPAnnotationView.m; sourceTree = "<group>"; };
		0C794C0318BFA48F00C88FD4 /* LPBicikeLJExample.app */ = {isa = PBXFileReference; explicitFileType = wrapper.application; includeInIndex = 0; path = LPBicikeLJExample.app; sourceTree = BUILT_PRODUCTS_DIR; };
		0C794C0618BFA48F00C88FD4 /* Foundation.framework */ = {isa = PBXFileReference; lastKnownFileType = wrapper.framework; name = Foundation.framework; path = System/Library/Frameworks/Foundation.framework; sourceTree = SDKROOT; };
		0C794C0818BFA48F00C88FD4 /* CoreGraphics.framework */ = {isa = PBXFileReference; lastKnownFileType = wrapper.framework; name = CoreGraphics.framework; path = System/Library/Frameworks/CoreGraphics.framework; sourceTree = SDKROOT; };
		0C794C0A18BFA48F00C88FD4 /* UIKit.framework */ = {isa = PBXFileReference; lastKnownFileType = wrapper.framework; name = UIKit.framework; path = System/Library/Frameworks/UIKit.framework; sourceTree = SDKROOT; };
		0C794C0E18BFA48F00C88FD4 /* LPBicikeLJExample-Info.plist */ = {isa = PBXFileReference; lastKnownFileType = text.plist.xml; path = "LPBicikeLJExample-Info.plist"; sourceTree = "<group>"; };
		0C794C1018BFA48F00C88FD4 /* en */ = {isa = PBXFileReference; lastKnownFileType = text.plist.strings; name = en; path = en.lproj/InfoPlist.strings; sourceTree = "<group>"; };
		0C794C1218BFA48F00C88FD4 /* main.m */ = {isa = PBXFileReference; lastKnownFileType = sourcecode.c.objc; path = main.m; sourceTree = "<group>"; };
		0C794C1418BFA48F00C88FD4 /* LPBicikeLJExample-Prefix.pch */ = {isa = PBXFileReference; lastKnownFileType = sourcecode.c.h; path = "LPBicikeLJExample-Prefix.pch"; sourceTree = "<group>"; };
		0C794C1518BFA48F00C88FD4 /* LPAppDelegate.h */ = {isa = PBXFileReference; lastKnownFileType = sourcecode.c.h; path = LPAppDelegate.h; sourceTree = "<group>"; };
		0C794C1618BFA48F00C88FD4 /* LPAppDelegate.m */ = {isa = PBXFileReference; lastKnownFileType = sourcecode.c.objc; path = LPAppDelegate.m; sourceTree = "<group>"; };
		0C794C1818BFA48F00C88FD4 /* Images.xcassets */ = {isa = PBXFileReference; lastKnownFileType = folder.assetcatalog; path = Images.xcassets; sourceTree = "<group>"; };
		0C794C1E18BFA48F00C88FD4 /* LPBicikeLJExampleTests.xctest */ = {isa = PBXFileReference; explicitFileType = wrapper.cfbundle; includeInIndex = 0; path = LPBicikeLJExampleTests.xctest; sourceTree = BUILT_PRODUCTS_DIR; };
		0C794C1F18BFA48F00C88FD4 /* XCTest.framework */ = {isa = PBXFileReference; lastKnownFileType = wrapper.framework; name = XCTest.framework; path = Library/Frameworks/XCTest.framework; sourceTree = DEVELOPER_DIR; };
		0C794C3518BFA4D000C88FD4 /* LPMainViewController.h */ = {isa = PBXFileReference; fileEncoding = 4; lastKnownFileType = sourcecode.c.h; path = LPMainViewController.h; sourceTree = "<group>"; };
		0C794C3618BFA4D000C88FD4 /* LPMainViewController.m */ = {isa = PBXFileReference; fileEncoding = 4; lastKnownFileType = sourcecode.c.objc; path = LPMainViewController.m; sourceTree = "<group>"; };
		0C794C3718BFA4D000C88FD4 /* LPMainViewController.xib */ = {isa = PBXFileReference; fileEncoding = 4; lastKnownFileType = file.xib; path = LPMainViewController.xib; sourceTree = "<group>"; };
		0C794D2018BFA7E300C88FD4 /* AFHTTPClient.h */ = {isa = PBXFileReference; fileEncoding = 4; lastKnownFileType = sourcecode.c.h; path = AFHTTPClient.h; sourceTree = "<group>"; };
		0C794D2118BFA7E300C88FD4 /* AFHTTPClient.m */ = {isa = PBXFileReference; fileEncoding = 4; lastKnownFileType = sourcecode.c.objc; path = AFHTTPClient.m; sourceTree = "<group>"; };
		0C794D2218BFA7E300C88FD4 /* AFHTTPRequestOperation.h */ = {isa = PBXFileReference; fileEncoding = 4; lastKnownFileType = sourcecode.c.h; path = AFHTTPRequestOperation.h; sourceTree = "<group>"; };
		0C794D2318BFA7E300C88FD4 /* AFHTTPRequestOperation.m */ = {isa = PBXFileReference; fileEncoding = 4; lastKnownFileType = sourcecode.c.objc; path = AFHTTPRequestOperation.m; sourceTree = "<group>"; };
		0C794D2418BFA7E300C88FD4 /* AFImageRequestOperation.h */ = {isa = PBXFileReference; fileEncoding = 4; lastKnownFileType = sourcecode.c.h; path = AFImageRequestOperation.h; sourceTree = "<group>"; };
		0C794D2518BFA7E300C88FD4 /* AFImageRequestOperation.m */ = {isa = PBXFileReference; fileEncoding = 4; lastKnownFileType = sourcecode.c.objc; path = AFImageRequestOperation.m; sourceTree = "<group>"; };
		0C794D2618BFA7E300C88FD4 /* AFJSONRequestOperation.h */ = {isa = PBXFileReference; fileEncoding = 4; lastKnownFileType = sourcecode.c.h; path = AFJSONRequestOperation.h; sourceTree = "<group>"; };
		0C794D2718BFA7E300C88FD4 /* AFJSONRequestOperation.m */ = {isa = PBXFileReference; fileEncoding = 4; lastKnownFileType = sourcecode.c.objc; path = AFJSONRequestOperation.m; sourceTree = "<group>"; };
		0C794D2818BFA7E300C88FD4 /* AFNetworkActivityIndicatorManager.h */ = {isa = PBXFileReference; fileEncoding = 4; lastKnownFileType = sourcecode.c.h; path = AFNetworkActivityIndicatorManager.h; sourceTree = "<group>"; };
		0C794D2918BFA7E300C88FD4 /* AFNetworkActivityIndicatorManager.m */ = {isa = PBXFileReference; fileEncoding = 4; lastKnownFileType = sourcecode.c.objc; path = AFNetworkActivityIndicatorManager.m; sourceTree = "<group>"; };
		0C794D2A18BFA7E300C88FD4 /* AFNetworking.h */ = {isa = PBXFileReference; fileEncoding = 4; lastKnownFileType = sourcecode.c.h; path = AFNetworking.h; sourceTree = "<group>"; };
		0C794D2B18BFA7E300C88FD4 /* AFPropertyListRequestOperation.h */ = {isa = PBXFileReference; fileEncoding = 4; lastKnownFileType = sourcecode.c.h; path = AFPropertyListRequestOperation.h; sourceTree = "<group>"; };
		0C794D2C18BFA7E300C88FD4 /* AFPropertyListRequestOperation.m */ = {isa = PBXFileReference; fileEncoding = 4; lastKnownFileType = sourcecode.c.objc; path = AFPropertyListRequestOperation.m; sourceTree = "<group>"; };
		0C794D2D18BFA7E300C88FD4 /* AFURLConnectionOperation.h */ = {isa = PBXFileReference; fileEncoding = 4; lastKnownFileType = sourcecode.c.h; path = AFURLConnectionOperation.h; sourceTree = "<group>"; };
		0C794D2E18BFA7E300C88FD4 /* AFURLConnectionOperation.m */ = {isa = PBXFileReference; fileEncoding = 4; lastKnownFileType = sourcecode.c.objc; path = AFURLConnectionOperation.m; sourceTree = "<group>"; };
		0C794D2F18BFA7E300C88FD4 /* AFXMLRequestOperation.h */ = {isa = PBXFileReference; fileEncoding = 4; lastKnownFileType = sourcecode.c.h; path = AFXMLRequestOperation.h; sourceTree = "<group>"; };
		0C794D3018BFA7E300C88FD4 /* AFXMLRequestOperation.m */ = {isa = PBXFileReference; fileEncoding = 4; lastKnownFileType = sourcecode.c.objc; path = AFXMLRequestOperation.m; sourceTree = "<group>"; };
		0C794D3118BFA7E300C88FD4 /* UIImageView+AFNetworking.h */ = {isa = PBXFileReference; fileEncoding = 4; lastKnownFileType = sourcecode.c.h; path = "UIImageView+AFNetworking.h"; sourceTree = "<group>"; };
		0C794D3218BFA7E300C88FD4 /* UIImageView+AFNetworking.m */ = {isa = PBXFileReference; fileEncoding = 4; lastKnownFileType = sourcecode.c.objc; path = "UIImageView+AFNetworking.m"; sourceTree = "<group>"; };
		0C794D3C18BFA80B00C88FD4 /* SystemConfiguration.framework */ = {isa = PBXFileReference; lastKnownFileType = wrapper.framework; name = SystemConfiguration.framework; path = System/Library/Frameworks/SystemConfiguration.framework; sourceTree = SDKROOT; };
		0C794D4018BFA83F00C88FD4 /* LPBicikeljArrondissement.h */ = {isa = PBXFileReference; fileEncoding = 4; lastKnownFileType = sourcecode.c.h; path = LPBicikeljArrondissement.h; sourceTree = "<group>"; };
		0C794D4118BFA83F00C88FD4 /* LPBicikeljArrondissement.m */ = {isa = PBXFileReference; fileEncoding = 4; lastKnownFileType = sourcecode.c.objc; path = LPBicikeljArrondissement.m; sourceTree = "<group>"; };
		0C794D4218BFA83F00C88FD4 /* LPBicikeljStationDetails.h */ = {isa = PBXFileReference; fileEncoding = 4; lastKnownFileType = sourcecode.c.h; path = LPBicikeljStationDetails.h; sourceTree = "<group>"; };
		0C794D4318BFA83F00C88FD4 /* LPBicikeljStationDetails.m */ = {isa = PBXFileReference; fileEncoding = 4; lastKnownFileType = sourcecode.c.objc; path = LPBicikeljStationDetails.m; sourceTree = "<group>"; };
		0C794D4418BFA83F00C88FD4 /* LPBicikeljStationMarker.h */ = {isa = PBXFileReference; fileEncoding = 4; lastKnownFileType = sourcecode.c.h; path = LPBicikeljStationMarker.h; sourceTree = "<group>"; };
		0C794D4518BFA83F00C88FD4 /* LPBicikeljStationMarker.m */ = {isa = PBXFileReference; fileEncoding = 4; lastKnownFileType = sourcecode.c.objc; path = LPBicikeljStationMarker.m; sourceTree = "<group>"; };
		0C794D4618BFA83F00C88FD4 /* LPBicikeljStationsFunctions.h */ = {isa = PBXFileReference; fileEncoding = 4; lastKnownFileType = sourcecode.c.h; path = LPBicikeljStationsFunctions.h; sourceTree = "<group>"; };
		0C794D4718BFA83F00C88FD4 /* LPBicikeljStationsFunctions.m */ = {isa = PBXFileReference; fileEncoding = 4; lastKnownFileType = sourcecode.c.objc; path = LPBicikeljStationsFunctions.m; sourceTree = "<group>"; };
/* End PBXFileReference section */

/* Begin PBXFrameworksBuildPhase section */
		0C794C0018BFA48F00C88FD4 /* Frameworks */ = {
			isa = PBXFrameworksBuildPhase;
			buildActionMask = 2147483647;
			files = (
				0C06AE1B18DDB98E009E5987 /* MapKit.framework in Frameworks */,
				0C794D3D18BFA80B00C88FD4 /* SystemConfiguration.framework in Frameworks */,
				0C794C0918BFA48F00C88FD4 /* CoreGraphics.framework in Frameworks */,
				0C794C0B18BFA48F00C88FD4 /* UIKit.framework in Frameworks */,
				0C794C0718BFA48F00C88FD4 /* Foundation.framework in Frameworks */,
			);
			runOnlyForDeploymentPostprocessing = 0;
		};
		0C794C1B18BFA48F00C88FD4 /* Frameworks */ = {
			isa = PBXFrameworksBuildPhase;
			buildActionMask = 2147483647;
			files = (
				0C794C2018BFA48F00C88FD4 /* XCTest.framework in Frameworks */,
				0C794C2218BFA48F00C88FD4 /* UIKit.framework in Frameworks */,
				0C794C2118BFA48F00C88FD4 /* Foundation.framework in Frameworks */,
			);
			runOnlyForDeploymentPostprocessing = 0;
		};
/* End PBXFrameworksBuildPhase section */

/* Begin PBXGroup section */
		0C06AE1C18DDBD30009E5987 /* LPAnnotation */ = {
			isa = PBXGroup;
			children = (
				0C06AE1D18DDBD30009E5987 /* LPAnnotation.h */,
				0C06AE1E18DDBD30009E5987 /* LPAnnotation.m */,
				0C06AE1F18DDBD30009E5987 /* LPAnnotationView.h */,
				0C06AE2018DDBD30009E5987 /* LPAnnotationView.m */,
			);
			path = LPAnnotation;
			sourceTree = "<group>";
		};
		0C794BFA18BFA48F00C88FD4 = {
			isa = PBXGroup;
			children = (
				0C794D1F18BFA7E300C88FD4 /* AFNetworking */,
				0C794C0C18BFA48F00C88FD4 /* LPBicikeLJExample */,
				0C794C0518BFA48F00C88FD4 /* Frameworks */,
				0C794C0418BFA48F00C88FD4 /* Products */,
			);
			sourceTree = "<group>";
		};
		0C794C0418BFA48F00C88FD4 /* Products */ = {
			isa = PBXGroup;
			children = (
				0C794C0318BFA48F00C88FD4 /* LPBicikeLJExample.app */,
				0C794C1E18BFA48F00C88FD4 /* LPBicikeLJExampleTests.xctest */,
			);
			name = Products;
			sourceTree = "<group>";
		};
		0C794C0518BFA48F00C88FD4 /* Frameworks */ = {
			isa = PBXGroup;
			children = (
				0C06AE1A18DDB98E009E5987 /* MapKit.framework */,
				0C794D3C18BFA80B00C88FD4 /* SystemConfiguration.framework */,
				0C794C0618BFA48F00C88FD4 /* Foundation.framework */,
				0C794C0818BFA48F00C88FD4 /* CoreGraphics.framework */,
				0C794C0A18BFA48F00C88FD4 /* UIKit.framework */,
				0C794C1F18BFA48F00C88FD4 /* XCTest.framework */,
			);
			name = Frameworks;
			sourceTree = "<group>";
		};
		0C794C0C18BFA48F00C88FD4 /* LPBicikeLJExample */ = {
			isa = PBXGroup;
			children = (
				0C06AE1C18DDBD30009E5987 /* LPAnnotation */,
				0C794D3E18BFA83F00C88FD4 /* LPBicikeljStationsFunctions */,
				0C794C3518BFA4D000C88FD4 /* LPMainViewController.h */,
				0C794C3618BFA4D000C88FD4 /* LPMainViewController.m */,
				0C794C3718BFA4D000C88FD4 /* LPMainViewController.xib */,
				0C794C1518BFA48F00C88FD4 /* LPAppDelegate.h */,
				0C794C1618BFA48F00C88FD4 /* LPAppDelegate.m */,
				0C794C1818BFA48F00C88FD4 /* Images.xcassets */,
				0C794C0D18BFA48F00C88FD4 /* Supporting Files */,
			);
			path = LPBicikeLJExample;
			sourceTree = "<group>";
		};
		0C794C0D18BFA48F00C88FD4 /* Supporting Files */ = {
			isa = PBXGroup;
			children = (
				0C794C0E18BFA48F00C88FD4 /* LPBicikeLJExample-Info.plist */,
				0C794C0F18BFA48F00C88FD4 /* InfoPlist.strings */,
				0C794C1218BFA48F00C88FD4 /* main.m */,
				0C794C1418BFA48F00C88FD4 /* LPBicikeLJExample-Prefix.pch */,
			);
			name = "Supporting Files";
			sourceTree = "<group>";
		};
		0C794D1F18BFA7E300C88FD4 /* AFNetworking */ = {
			isa = PBXGroup;
			children = (
				0C794D2018BFA7E300C88FD4 /* AFHTTPClient.h */,
				0C794D2118BFA7E300C88FD4 /* AFHTTPClient.m */,
				0C794D2218BFA7E300C88FD4 /* AFHTTPRequestOperation.h */,
				0C794D2318BFA7E300C88FD4 /* AFHTTPRequestOperation.m */,
				0C794D2418BFA7E300C88FD4 /* AFImageRequestOperation.h */,
				0C794D2518BFA7E300C88FD4 /* AFImageRequestOperation.m */,
				0C794D2618BFA7E300C88FD4 /* AFJSONRequestOperation.h */,
				0C794D2718BFA7E300C88FD4 /* AFJSONRequestOperation.m */,
				0C794D2818BFA7E300C88FD4 /* AFNetworkActivityIndicatorManager.h */,
				0C794D2918BFA7E300C88FD4 /* AFNetworkActivityIndicatorManager.m */,
				0C794D2A18BFA7E300C88FD4 /* AFNetworking.h */,
				0C794D2B18BFA7E300C88FD4 /* AFPropertyListRequestOperation.h */,
				0C794D2C18BFA7E300C88FD4 /* AFPropertyListRequestOperation.m */,
				0C794D2D18BFA7E300C88FD4 /* AFURLConnectionOperation.h */,
				0C794D2E18BFA7E300C88FD4 /* AFURLConnectionOperation.m */,
				0C794D2F18BFA7E300C88FD4 /* AFXMLRequestOperation.h */,
				0C794D3018BFA7E300C88FD4 /* AFXMLRequestOperation.m */,
				0C794D3118BFA7E300C88FD4 /* UIImageView+AFNetworking.h */,
				0C794D3218BFA7E300C88FD4 /* UIImageView+AFNetworking.m */,
			);
			name = AFNetworking;
			path = ../AFNetworking/AFNetworking;
			sourceTree = "<group>";
		};
		0C794D3E18BFA83F00C88FD4 /* LPBicikeljStationsFunctions */ = {
			isa = PBXGroup;
			children = (
				0C794D3F18BFA83F00C88FD4 /* LPBicikeljStationObjects */,
				0C794D4618BFA83F00C88FD4 /* LPBicikeljStationsFunctions.h */,
				0C794D4718BFA83F00C88FD4 /* LPBicikeljStationsFunctions.m */,
			);
			name = LPBicikeljStationsFunctions;
			path = ../../../LPBicikeljStationsFunctions;
			sourceTree = "<group>";
		};
		0C794D3F18BFA83F00C88FD4 /* LPBicikeljStationObjects */ = {
			isa = PBXGroup;
			children = (
				0C794D4018BFA83F00C88FD4 /* LPBicikeljArrondissement.h */,
				0C794D4118BFA83F00C88FD4 /* LPBicikeljArrondissement.m */,
				0C794D4218BFA83F00C88FD4 /* LPBicikeljStationDetails.h */,
				0C794D4318BFA83F00C88FD4 /* LPBicikeljStationDetails.m */,
				0C794D4418BFA83F00C88FD4 /* LPBicikeljStationMarker.h */,
				0C794D4518BFA83F00C88FD4 /* LPBicikeljStationMarker.m */,
			);
			path = LPBicikeljStationObjects;
			sourceTree = "<group>";
		};
/* End PBXGroup section */

/* Begin PBXNativeTarget section */
		0C794C0218BFA48F00C88FD4 /* LPBicikeLJExample */ = {
			isa = PBXNativeTarget;
			buildConfigurationList = 0C794C2F18BFA48F00C88FD4 /* Build configuration list for PBXNativeTarget "LPBicikeLJExample" */;
			buildPhases = (
				0C794BFF18BFA48F00C88FD4 /* Sources */,
				0C794C0018BFA48F00C88FD4 /* Frameworks */,
				0C794C0118BFA48F00C88FD4 /* Resources */,
			);
			buildRules = (
			);
			dependencies = (
			);
			name = LPBicikeLJExample;
			productName = LPBicikeLJExample;
			productReference = 0C794C0318BFA48F00C88FD4 /* LPBicikeLJExample.app */;
			productType = "com.apple.product-type.application";
		};
		0C794C1D18BFA48F00C88FD4 /* LPBicikeLJExampleTests */ = {
			isa = PBXNativeTarget;
			buildConfigurationList = 0C794C3218BFA48F00C88FD4 /* Build configuration list for PBXNativeTarget "LPBicikeLJExampleTests" */;
			buildPhases = (
				0C794C1A18BFA48F00C88FD4 /* Sources */,
				0C794C1B18BFA48F00C88FD4 /* Frameworks */,
				0C794C1C18BFA48F00C88FD4 /* Resources */,
			);
			buildRules = (
			);
			dependencies = (
				0C794C2418BFA48F00C88FD4 /* PBXTargetDependency */,
			);
			name = LPBicikeLJExampleTests;
			productName = LPBicikeLJExampleTests;
			productReference = 0C794C1E18BFA48F00C88FD4 /* LPBicikeLJExampleTests.xctest */;
			productType = "com.apple.product-type.bundle.unit-test";
		};
/* End PBXNativeTarget section */

/* Begin PBXProject section */
		0C794BFB18BFA48F00C88FD4 /* Project object */ = {
			isa = PBXProject;
			attributes = {
				CLASSPREFIX = LP;
				LastUpgradeCheck = 0510;
				ORGANIZATIONNAME = "Luka Penger";
				TargetAttributes = {
					0C794C0218BFA48F00C88FD4 = {
						DevelopmentTeam = VD448M8BPE;
					};
					0C794C1D18BFA48F00C88FD4 = {
						TestTargetID = 0C794C0218BFA48F00C88FD4;
					};
				};
			};
			buildConfigurationList = 0C794BFE18BFA48F00C88FD4 /* Build configuration list for PBXProject "LPBicikeLJExample" */;
			compatibilityVersion = "Xcode 3.2";
			developmentRegion = English;
			hasScannedForEncodings = 0;
			knownRegions = (
				en,
			);
			mainGroup = 0C794BFA18BFA48F00C88FD4;
			productRefGroup = 0C794C0418BFA48F00C88FD4 /* Products */;
			projectDirPath = "";
			projectRoot = "";
			targets = (
				0C794C0218BFA48F00C88FD4 /* LPBicikeLJExample */,
				0C794C1D18BFA48F00C88FD4 /* LPBicikeLJExampleTests */,
			);
		};
/* End PBXProject section */

/* Begin PBXResourcesBuildPhase section */
		0C794C0118BFA48F00C88FD4 /* Resources */ = {
			isa = PBXResourcesBuildPhase;
			buildActionMask = 2147483647;
			files = (
				0C794C1118BFA48F00C88FD4 /* InfoPlist.strings in Resources */,
				0C794C3918BFA4D000C88FD4 /* LPMainViewController.xib in Resources */,
				0C794C1918BFA48F00C88FD4 /* Images.xcassets in Resources */,
			);
			runOnlyForDeploymentPostprocessing = 0;
		};
		0C794C1C18BFA48F00C88FD4 /* Resources */ = {
			isa = PBXResourcesBuildPhase;
			buildActionMask = 2147483647;
			files = (
			);
			runOnlyForDeploymentPostprocessing = 0;
		};
/* End PBXResourcesBuildPhase section */

/* Begin PBXSourcesBuildPhase section */
		0C794BFF18BFA48F00C88FD4 /* Sources */ = {
			isa = PBXSourcesBuildPhase;
			buildActionMask = 2147483647;
			files = (
				0C06AE2118DDBD30009E5987 /* LPAnnotation.m in Sources */,
				0C794D3918BFA7E300C88FD4 /* AFURLConnectionOperation.m in Sources */,
				0C794D3A18BFA7E300C88FD4 /* AFXMLRequestOperation.m in Sources */,
				0C794D4A18BFA83F00C88FD4 /* LPBicikeljStationMarker.m in Sources */,
				0C794D4918BFA83F00C88FD4 /* LPBicikeljStationDetails.m in Sources */,
				0C794D3618BFA7E300C88FD4 /* AFJSONRequestOperation.m in Sources */,
				0C794D3418BFA7E300C88FD4 /* AFHTTPRequestOperation.m in Sources */,
				0C794C1718BFA48F00C88FD4 /* LPAppDelegate.m in Sources */,
				0C794D4818BFA83F00C88FD4 /* LPBicikeljArrondissement.m in Sources */,
				0C794C3818BFA4D000C88FD4 /* LPMainViewController.m in Sources */,
				0C794D3518BFA7E300C88FD4 /* AFImageRequestOperation.m in Sources */,
				0C794D3718BFA7E300C88FD4 /* AFNetworkActivityIndicatorManager.m in Sources */,
				0C794D3B18BFA7E300C88FD4 /* UIImageView+AFNetworking.m in Sources */,
				0C794C1318BFA48F00C88FD4 /* main.m in Sources */,
				0C794D3318BFA7E300C88FD4 /* AFHTTPClient.m in Sources */,
				0C06AE2218DDBD30009E5987 /* LPAnnotationView.m in Sources */,
				0C794D3818BFA7E300C88FD4 /* AFPropertyListRequestOperation.m in Sources */,
				0C794D4B18BFA83F00C88FD4 /* LPBicikeljStationsFunctions.m in Sources */,
			);
			runOnlyForDeploymentPostprocessing = 0;
		};
		0C794C1A18BFA48F00C88FD4 /* Sources */ = {
			isa = PBXSourcesBuildPhase;
			buildActionMask = 2147483647;
			files = (
			);
			runOnlyForDeploymentPostprocessing = 0;
		};
/* End PBXSourcesBuildPhase section */

/* Begin PBXTargetDependency section */
		0C794C2418BFA48F00C88FD4 /* PBXTargetDependency */ = {
			isa = PBXTargetDependency;
			target = 0C794C0218BFA48F00C88FD4 /* LPBicikeLJExample */;
			targetProxy = 0C794C2318BFA48F00C88FD4 /* PBXContainerItemProxy */;
		};
/* End PBXTargetDependency section */

/* Begin PBXVariantGroup section */
		0C794C0F18BFA48F00C88FD4 /* InfoPlist.strings */ = {
			isa = PBXVariantGroup;
			children = (
				0C794C1018BFA48F00C88FD4 /* en */,
			);
			name = InfoPlist.strings;
			sourceTree = "<group>";
		};
/* End PBXVariantGroup section */

/* Begin XCBuildConfiguration section */
		0C794C2D18BFA48F00C88FD4 /* Debug */ = {
			isa = XCBuildConfiguration;
			buildSettings = {
				ALWAYS_SEARCH_USER_PATHS = NO;
				CLANG_CXX_LANGUAGE_STANDARD = "gnu++0x";
				CLANG_CXX_LIBRARY = "libc++";
				CLANG_ENABLE_MODULES = YES;
				CLANG_ENABLE_OBJC_ARC = YES;
				CLANG_WARN_BOOL_CONVERSION = YES;
				CLANG_WARN_CONSTANT_CONVERSION = YES;
				CLANG_WARN_DIRECT_OBJC_ISA_USAGE = YES_ERROR;
				CLANG_WARN_EMPTY_BODY = YES;
				CLANG_WARN_ENUM_CONVERSION = YES;
				CLANG_WARN_INT_CONVERSION = YES;
				CLANG_WARN_OBJC_ROOT_CLASS = YES_ERROR;
				CLANG_WARN__DUPLICATE_METHOD_MATCH = YES;
				"CODE_SIGN_IDENTITY[sdk=iphoneos*]" = "iPhone Developer";
				COPY_PHASE_STRIP = NO;
				GCC_C_LANGUAGE_STANDARD = gnu99;
				GCC_DYNAMIC_NO_PIC = NO;
				GCC_OPTIMIZATION_LEVEL = 0;
				GCC_PREPROCESSOR_DEFINITIONS = (
					"DEBUG=1",
					"$(inherited)",
				);
				GCC_SYMBOLS_PRIVATE_EXTERN = NO;
				GCC_WARN_64_TO_32_BIT_CONVERSION = YES;
				GCC_WARN_ABOUT_RETURN_TYPE = YES_ERROR;
				GCC_WARN_UNDECLARED_SELECTOR = YES;
				GCC_WARN_UNINITIALIZED_AUTOS = YES;
				GCC_WARN_UNUSED_FUNCTION = YES;
				GCC_WARN_UNUSED_VARIABLE = YES;
				IPHONEOS_DEPLOYMENT_TARGET = 7.0;
				ONLY_ACTIVE_ARCH = YES;
				SDKROOT = iphoneos;
			};
			name = Debug;
		};
		0C794C2E18BFA48F00C88FD4 /* Release */ = {
			isa = XCBuildConfiguration;
			buildSettings = {
				ALWAYS_SEARCH_USER_PATHS = NO;
				CLANG_CXX_LANGUAGE_STANDARD = "gnu++0x";
				CLANG_CXX_LIBRARY = "libc++";
				CLANG_ENABLE_MODULES = YES;
				CLANG_ENABLE_OBJC_ARC = YES;
				CLANG_WARN_BOOL_CONVERSION = YES;
				CLANG_WARN_CONSTANT_CONVERSION = YES;
				CLANG_WARN_DIRECT_OBJC_ISA_USAGE = YES_ERROR;
				CLANG_WARN_EMPTY_BODY = YES;
				CLANG_WARN_ENUM_CONVERSION = YES;
				CLANG_WARN_INT_CONVERSION = YES;
				CLANG_WARN_OBJC_ROOT_CLASS = YES_ERROR;
				CLANG_WARN__DUPLICATE_METHOD_MATCH = YES;
				"CODE_SIGN_IDENTITY[sdk=iphoneos*]" = "iPhone Developer";
				COPY_PHASE_STRIP = YES;
				ENABLE_NS_ASSERTIONS = NO;
				GCC_C_LANGUAGE_STANDARD = gnu99;
				GCC_WARN_64_TO_32_BIT_CONVERSION = YES;
				GCC_WARN_ABOUT_RETURN_TYPE = YES_ERROR;
				GCC_WARN_UNDECLARED_SELECTOR = YES;
				GCC_WARN_UNINITIALIZED_AUTOS = YES;
				GCC_WARN_UNUSED_FUNCTION = YES;
				GCC_WARN_UNUSED_VARIABLE = YES;
				IPHONEOS_DEPLOYMENT_TARGET = 7.0;
				SDKROOT = iphoneos;
				VALIDATE_PRODUCT = YES;
			};
			name = Release;
		};
		0C794C3018BFA48F00C88FD4 /* Debug */ = {
			isa = XCBuildConfiguration;
			buildSettings = {
				ASSETCATALOG_COMPILER_APPICON_NAME = AppIcon;
				ASSETCATALOG_COMPILER_LAUNCHIMAGE_NAME = LaunchImage;
				CODE_SIGN_IDENTITY = "iPhone Developer";
				GCC_PRECOMPILE_PREFIX_HEADER = YES;
				GCC_PREFIX_HEADER = "LPBicikeLJExample/LPBicikeLJExample-Prefix.pch";
				INFOPLIST_FILE = "LPBicikeLJExample/LPBicikeLJExample-Info.plist";
				PRODUCT_NAME = "$(TARGET_NAME)";
				WRAPPER_EXTENSION = app;
			};
			name = Debug;
		};
		0C794C3118BFA48F00C88FD4 /* Release */ = {
			isa = XCBuildConfiguration;
			buildSettings = {
				ASSETCATALOG_COMPILER_APPICON_NAME = AppIcon;
				ASSETCATALOG_COMPILER_LAUNCHIMAGE_NAME = LaunchImage;
				CODE_SIGN_IDENTITY = "iPhone Developer";
				GCC_PRECOMPILE_PREFIX_HEADER = YES;
				GCC_PREFIX_HEADER = "LPBicikeLJExample/LPBicikeLJExample-Prefix.pch";
				INFOPLIST_FILE = "LPBicikeLJExample/LPBicikeLJExample-Info.plist";
				PRODUCT_NAME = "$(TARGET_NAME)";
				WRAPPER_EXTENSION = app;
			};
			name = Release;
		};
		0C794C3318BFA48F00C88FD4 /* Debug */ = {
			isa = XCBuildConfiguration;
			buildSettings = {
				BUNDLE_LOADER = "$(BUILT_PRODUCTS_DIR)/LPBicikeLJExample.app/LPBicikeLJExample";
				FRAMEWORK_SEARCH_PATHS = (
					"$(SDKROOT)/Developer/Library/Frameworks",
					"$(inherited)",
					"$(DEVELOPER_FRAMEWORKS_DIR)",
				);
				GCC_PRECOMPILE_PREFIX_HEADER = YES;
				GCC_PREFIX_HEADER = "LPBicikeLJExample/LPBicikeLJExample-Prefix.pch";
				GCC_PREPROCESSOR_DEFINITIONS = (
					"DEBUG=1",
					"$(inherited)",
				);
				INFOPLIST_FILE = "LPBicikeLJExampleTests/LPBicikeLJExampleTests-Info.plist";
				PRODUCT_NAME = "$(TARGET_NAME)";
				TEST_HOST = "$(BUNDLE_LOADER)";
				WRAPPER_EXTENSION = xctest;
			};
			name = Debug;
		};
		0C794C3418BFA48F00C88FD4 /* Release */ = {
			isa = XCBuildConfiguration;
			buildSettings = {
				BUNDLE_LOADER = "$(BUILT_PRODUCTS_DIR)/LPBicikeLJExample.app/LPBicikeLJExample";
				FRAMEWORK_SEARCH_PATHS = (
					"$(SDKROOT)/Developer/Library/Frameworks",
					"$(inherited)",
					"$(DEVELOPER_FRAMEWORKS_DIR)",
				);
				GCC_PRECOMPILE_PREFIX_HEADER = YES;
				GCC_PREFIX_HEADER = "LPBicikeLJExample/LPBicikeLJExample-Prefix.pch";
				INFOPLIST_FILE = "LPBicikeLJExampleTests/LPBicikeLJExampleTests-Info.plist";
				PRODUCT_NAME = "$(TARGET_NAME)";
				TEST_HOST = "$(BUNDLE_LOADER)";
				WRAPPER_EXTENSION = xctest;
			};
			name = Release;
		};
/* End XCBuildConfiguration section */

/* Begin XCConfigurationList section */
		0C794BFE18BFA48F00C88FD4 /* Build configuration list for PBXProject "LPBicikeLJExample" */ = {
			isa = XCConfigurationList;
			buildConfigurations = (
				0C794C2D18BFA48F00C88FD4 /* Debug */,
				0C794C2E18BFA48F00C88FD4 /* Release */,
			);
			defaultConfigurationIsVisible = 0;
			defaultConfigurationName = Release;
		};
		0C794C2F18BFA48F00C88FD4 /* Build configuration list for PBXNativeTarget "LPBicikeLJExample" */ = {
			isa = XCConfigurationList;
			buildConfigurations = (
				0C794C3018BFA48F00C88FD4 /* Debug */,
				0C794C3118BFA48F00C88FD4 /* Release */,
			);
			defaultConfigurationIsVisible = 0;
			defaultConfigurationName = Release;
		};
		0C794C3218BFA48F00C88FD4 /* Build configuration list for PBXNativeTarget "LPBicikeLJExampleTests" */ = {
			isa = XCConfigurationList;
			buildConfigurations = (
				0C794C3318BFA48F00C88FD4 /* Debug */,
				0C794C3418BFA48F00C88FD4 /* Release */,
			);
			defaultConfigurationIsVisible = 0;
			defaultConfigurationName = Release;
		};
/* End XCConfigurationList section */
	};
	rootObject = 0C794BFB18BFA48F00C88FD4 /* Project object */;
}
